
Microsoft Visual Studio Solution File, Format Version 12.00
# Visual Studio Version 16
VisualStudioVersion = 16.0.29409.12
MinimumVisualStudioVersion = 10.0.40219.1
Project("{FAE04EC0-301F-11D3-BF4B-00C04F79EFBC}") = "ticTacToe", "ticTacToe\ticTacToe.csproj", "{3FA1A69F-802C-4901-9479-2A5D2975DF14}"
EndProject
Global
	GlobalSection(SolutionConfigurationPlatforms) = preSolution
		Debug|Any CPU = Debug|Any CPU
		Release|Any CPU = Release|Any CPU
	EndGlobalSection
	GlobalSection(ProjectConfigurationPlatforms) = postSolution
		{3FA1A69F-802C-4901-9479-2A5D2975DF14}.Debug|Any CPU.ActiveCfg = Debug|Any CPU
		{3FA1A69F-802C-4901-9479-2A5D2975DF14}.Debug|Any CPU.Build.0 = Debug|Any CPU
		{3FA1A69F-802C-4901-9479-2A5D2975DF14}.Release|Any CPU.ActiveCfg = Release|Any CPU
		{3FA1A69F-802C-4901-9479-2A5D2975DF14}.Release|Any CPU.Build.0 = Release|Any CPU
	EndGlobalSection
	GlobalSection(SolutionProperties) = preSolution
		HideSolutionNode = FALSE
	EndGlobalSection
	GlobalSection(ExtensibilityGlobals) = postSolution
		SolutionGuid = {B84DC236-9144-4E22-ACCB-28872F8EED89}
	EndGlobalSection
EndGlobal
